{
  "name": "brascii",
  "lockfileVersion": 3,
  "requires": true,
  "packages": {
    "": {
      "dependencies": {
        "liblouis": "^0.4.0",
        "liblouis-build": "github:liblouis/js-build"
      }
    },
    "node_modules/liblouis": {
      "version": "0.4.0",
      "resolved": "https://registry.npmjs.org/liblouis/-/liblouis-0.4.0.tgz",
      "integrity": "sha512-ViuoMFbSbf39RyXYU/Q9IeQ5IYUdJVPrgz5nmXjkNkK5rmorivDDWRZLibPhEaip0Dpt00CG+NX1WQGHWCa+ow==",
      "dependencies": {
        "liblouis-build": "*"
      }
    },
    "node_modules/liblouis-build": {
      "version": "0.0.0-52f776",
      "resolved": "git+ssh://git@github.com/liblouis/js-build.git#f94ba8de986764a44881a06168b2128a0a9fa6fe"
    }
  }
}
